
Microsoft Visual Studio Solution File, Format Version 12.00
# Visual Studio Version 16
VisualStudioVersion = 16.0.30225.117
MinimumVisualStudioVersion = 10.0.40219.1
Project("{FAE04EC0-301F-11D3-BF4B-00C04F79EFBC}") = "CrazyMouseGame", "CrazyMouseGame\CrazyMouseGame.csproj", "{DFBD9DE3-3675-4DFB-B82C-23D9E08B4A87}"
EndProject
Global
	GlobalSection(SolutionConfigurationPlatforms) = preSolution
		Debug|Any CPU = Debug|Any CPU
		Release|Any CPU = Release|Any CPU
	EndGlobalSection
	GlobalSection(ProjectConfigurationPlatforms) = postSolution
		{DFBD9DE3-3675-4DFB-B82C-23D9E08B4A87}.Debug|Any CPU.ActiveCfg = Debug|Any CPU
		{DFBD9DE3-3675-4DFB-B82C-23D9E08B4A87}.Debug|Any CPU.Build.0 = Debug|Any CPU
		{DFBD9DE3-3675-4DFB-B82C-23D9E08B4A87}.Release|Any CPU.ActiveCfg = Release|Any CPU
		{DFBD9DE3-3675-4DFB-B82C-23D9E08B4A87}.Release|Any CPU.Build.0 = Release|Any CPU
	EndGlobalSection
	GlobalSection(SolutionProperties) = preSolution
		HideSolutionNode = FALSE
	EndGlobalSection
	GlobalSection(ExtensibilityGlobals) = postSolution
		SolutionGuid = {B81EF1E4-B3D0-47E0-9CC8-570149CB5180}
	EndGlobalSection
EndGlobal
